// !$*UTF8*$!
{
	archiveVersion = 1;
	classes = {
	};
	objectVersion = 46;
	objects = {
		2C5FB35AB4B284664B4BC0E4 = {
			isa = PBXBuildFile;
			fileRef = 1E2CC9CD1A585C521E0DD6AA;
		};
		E2FC9B1B59BB05FF9CBE55EF = {
			isa = PBXBuildFile;
			fileRef = A484597A268E561F84B0A35F;
		};
		39E5A2ACEEFFC2AAD8DD36F7 = {
			isa = PBXBuildFile;
			fileRef = 93C710FA38177D55FBB100FB;
		};
		89599B1F0AF0939CDEB270B3 = {
			isa = PBXBuildFile;
			fileRef = 421A249EC0482B59E697121A;
		};
		2BA280ABEB2758CE62C7E553 = {
			isa = PBXBuildFile;
			fileRef = AD231911575346BA7C67A55E;
		};
		76356E6BF5BF1950CBB09E15 = {
			isa = PBXBuildFile;
			fileRef = 3AED26B614107FFBEF998FF0;
		};
		B34C86D77187B0C62EA5A768 = {
			isa = PBXBuildFile;
			fileRef = 8EE9A2854E30075884756BAF;
		};
		9FC1322EDB5CB8086BF132A4 = {
			isa = PBXBuildFile;
			fileRef = 0214B9639520C6864740AB26;
		};
		61686461AF078F832AB49FA5 = {
			isa = PBXBuildFile;
			fileRef = 68C30826973157730538FA92;
		};
		4AB9B4DC087160A7DD4DE2BA = {
			isa = PBXBuildFile;
			fileRef = CDEB1356B593C3D65FD22C05;
		};
		724A2C92BFB91E8F7B56B8EE = {
			isa = PBXBuildFile;
			fileRef = FC17D467B9BC12082AF680F1;
		};
		1B7FA2B84B8E9AE6DC9DD648 = {
			isa = PBXBuildFile;
			fileRef = 0CAB8AAA3E07A45A7E8B9A72;
		};
		CD78EA090EAF40228FE420BA = {
			isa = PBXBuildFile;
			fileRef = 5E53A2CAD6E4DF3F96CE7E47;
		};
		86E9F80B6062F5B8E984C52C = {
			isa = PBXBuildFile;
			fileRef = 547438C842A0E4FB7ED76793;
		};
		EBB64F801F190170107E1630 = {
			isa = PBXBuildFile;
			fileRef = A52EA21C57F5EAEA7759B90C;
		};
		C009FDD10518E37B5B893783 = {
			isa = PBXBuildFile;
			fileRef = 1D7A768976BCC1B764E8647D;
		};
		2D4CC35CD5E4B37B643CA085 = {
			isa = PBXBuildFile;
			fileRef = A8BB8318463A19303FB39691;
		};
		FED2DD67C8AD2933F3885D83 = {
			isa = PBXBuildFile;
			fileRef = 442CE6BEF300D8759D9435AE;
		};
		2A6B27AD2352BAC9E2D97C3C = {
			isa = PBXBuildFile;
			fileRef = 1B3BB56F9ED294605361E691;
		};
		4A10149070AAE2B633104698 = {
			isa = PBXBuildFile;
			fileRef = E3596B83A7857550F0B7E408;
		};
		D4B731E27C6217B59997D74D = {
			isa = PBXBuildFile;
			fileRef = E5081FB6C5697661370ABB45;
		};
		3E672FE8A7D2CA6F8E2E8877 = {
			isa = PBXBuildFile;
			fileRef = 015CB9762933DA4CBF1DAFA2;
		};
		0AED7B4839005AEA02A87777 = {
			isa = PBXBuildFile;
			fileRef = 5DCF7A756A8544344082A947;
		};
		91009B33EEF39D674224121C = {
			isa = PBXBuildFile;
			fileRef = 7B42997666282C40B7350110;
		};
		B8C2F2DEE4DE8A28FAECB991 = {
			isa = PBXBuildFile;
			fileRef = F26DA484DD30278E6769C713;
		};
		74750961AFE4A2A8F3457A93 = {
			isa = PBXBuildFile;
			fileRef = 818A2C30E8EF02210C1A2233;
		};
		62CA06D2584F5F7BAF761908 = {
			isa = PBXBuildFile;
			fileRef = 0CA6889FE19A2DA15E6A570E;
		};
		6043EFAF0B6CD982695ECEE9 = {
			isa = PBXBuildFile;
			fileRef = B68DE452666F0366400D0609;
		};
		4FD1BEBA7C091E497242AF4D = {
			isa = PBXBuildFile;
			fileRef = 9AF7BF2E2C571D10A41899E5;
		};
		138D0EE2BEE20E2FC5CECA1E = {
			isa = PBXBuildFile;
			fileRef = 75BCDF4BFC015BC368AAE0AA;
		};
		8239A68415539749FCE57E3C = {
			isa = PBXBuildFile;
			fileRef = CE2F34CC59D961AD0A55D6AF;
		};
		27D3D34E5A903281726F0A6E = {
			isa = PBXBuildFile;
			fileRef = 48DA5C6D31EDB1C9BC911E2B;
		};
		63AB50EFEAD9F043180D2AAE = {
			isa = PBXBuildFile;
			fileRef = 0D931A53A5CC07ED0D9935F1;
		};
		0E9E1F826B4D853F7C702C30 = {
			isa = PBXBuildFile;
			fileRef = F77AC2123A3EE69FD9483162;
		};
		EDE8D2C9A576453056E45F6A = {
			isa = PBXBuildFile;
			fileRef = A55BC2CBD828938A5B236710;
		};
		4A44546CE5246C0D21030984 = {
			isa = PBXBuildFile;
			fileRef = D6B9689EDCDCB0D6FBE28816;
		};
		3B675BC7E3F7FE582FAD9E34 = {
			isa = PBXBuildFile;
			fileRef = 5DF08763510F1B2F9408BA13;
		};
		2FE5F1C2A2F9C1FA8B9D1277 = {
			isa = PBXBuildFile;
			fileRef = 95FDE3EB15F0D2AA4B03659B;
		};
		B6062565D4AEB8E634752EDB = {
			isa = PBXBuildFile;
			fileRef = B5447D30C8FBAFC9F33F4CB3;
		};
		003D4F66CF7C6035B10160DA = {
			isa = PBXFileReference;
			lastKnownFileType = file;
			name = "juce_gui_basics";
			path = "~/JUCE/modules/juce_gui_basics";
			sourceTree = "<absolute>";
		};
		015CB9762933DA4CBF1DAFA2 = {
			isa = PBXFileReference;
			lastKnownFileType = sourcecode.cpp.objcpp;
			name = "include_juce_audio_formats.mm";
			path = "../../JuceLibraryCode/include_juce_audio_formats.mm";
			sourceTree = "SOURCE_ROOT";
		};
		0214B9639520C6864740AB26 = {
			isa = PBXFileReference;
			lastKnownFileType = wrapper.framework;
			name = Carbon.framework;
			path = System/Library/Frameworks/Carbon.framework;
			sourceTree = SDKROOT;
		};
		0CA6889FE19A2DA15E6A570E = {
			isa = PBXFileReference;
			lastKnownFileType = sourcecode.cpp.cpp;
			name = "include_juce_audio_plugin_client_utils.cpp";
			path = "../../JuceLibraryCode/include_juce_audio_plugin_client_utils.cpp";
			sourceTree = "SOURCE_ROOT";
		};
		0CAB8AAA3E07A45A7E8B9A72 = {
			isa = PBXFileReference;
			lastKnownFileType = wrapper.framework;
			name = CoreMIDI.framework;
			path = System/Library/Frameworks/CoreMIDI.framework;
			sourceTree = SDKROOT;
		};
		0D931A53A5CC07ED0D9935F1 = {
			isa = PBXFileReference;
			lastKnownFileType = sourcecode.cpp.objcpp;
			name = "include_juce_cryptography.mm";
			path = "../../JuceLibraryCode/include_juce_cryptography.mm";
			sourceTree = "SOURCE_ROOT";
		};
		10347950A16EA941F3688F1C = {
			isa = PBXFileReference;
			lastKnownFileType = text.plist.xml;
			name = "Info-Standalone_Plugin.plist";
			path = "Info-Standalone_Plugin.plist";
			sourceTree = "SOURCE_ROOT";
		};
		1B3BB56F9ED294605361E691 = {
			isa = PBXFileReference;
			lastKnownFileType = sourcecode.cpp.cpp;
			name = Main.cpp;
			path = ../../Source/Main.cpp;
			sourceTree = "SOURCE_ROOT";
		};
		1C1F2F43C86617F49417C71C = {
			isa = PBXFileReference;
			lastKnownFileType = file;
			name = "juce_opengl";
			path = "~/JUCE/modules/juce_opengl";
			sourceTree = "<absolute>";
		};
		1D7A768976BCC1B764E8647D = {
			isa = PBXFileReference;
			lastKnownFileType = wrapper.framework;
			name = QuartzCore.framework;
			path = System/Library/Frameworks/QuartzCore.framework;
			sourceTree = SDKROOT;
		};
		1E2CC9CD1A585C521E0DD6AA = {
			isa = PBXFileReference;
			explicitFileType = wrapper.cfbundle;
			includeInIndex = 0;
			path = Synth.vst;
			sourceTree = "BUILT_PRODUCTS_DIR";
		};
		28BAED393977EDDECCA5F4A7 = {
			isa = PBXFileReference;
			lastKnownFileType = file;
			name = "juce_audio_formats";
			path = "~/JUCE/modules/juce_audio_formats";
			sourceTree = "<absolute>";
		};
		3AED26B614107FFBEF998FF0 = {
			isa = PBXFileReference;
			lastKnownFileType = wrapper.framework;
			name = Accelerate.framework;
			path = System/Library/Frameworks/Accelerate.framework;
			sourceTree = SDKROOT;
		};
		442CE6BEF300D8759D9435AE = {
			isa = PBXFileReference;
			lastKnownFileType = file.nib;
			name = RecentFilesMenuTemplate.nib;
			path = RecentFilesMenuTemplate.nib;
			sourceTree = "SOURCE_ROOT";
		};
		48DA5C6D31EDB1C9BC911E2B = {
			isa = PBXFileReference;
			lastKnownFileType = sourcecode.cpp.objcpp;
			name = "include_juce_core.mm";
			path = "../../JuceLibraryCode/include_juce_core.mm";
			sourceTree = "SOURCE_ROOT";
		};
		4FBE201DBD9D951D8E13E314 = {
			isa = PBXFileReference;
			lastKnownFileType = file;
			name = "juce_gui_extra";
			path = "~/JUCE/modules/juce_gui_extra";
			sourceTree = "<absolute>";
		};
		547438C842A0E4FB7ED76793 = {
			isa = PBXFileReference;
			lastKnownFileType = wrapper.framework;
			name = IOKit.framework;
			path = System/Library/Frameworks/IOKit.framework;
			sourceTree = SDKROOT;
		};
		5964D255BEB1B8FCDFC913C3 = {
			isa = PBXFileReference;
			lastKnownFileType = file;
			name = "juce_events";
			path = "~/JUCE/modules/juce_events";
			sourceTree = "<absolute>";
		};
		5DCF7A756A8544344082A947 = {
			isa = PBXFileReference;
			lastKnownFileType = file.r;
			name = "include_juce_audio_plugin_client_AU.r";
			path = "../../JuceLibraryCode/include_juce_audio_plugin_client_AU.r";
			sourceTree = "SOURCE_ROOT";
		};
		5DF08763510F1B2F9408BA13 = {
			isa = PBXFileReference;
			lastKnownFileType = sourcecode.cpp.objcpp;
			name = "include_juce_gui_basics.mm";
			path = "../../JuceLibraryCode/include_juce_gui_basics.mm";
			sourceTree = "SOURCE_ROOT";
		};
		5E53A2CAD6E4DF3F96CE7E47 = {
			isa = PBXFileReference;
			lastKnownFileType = wrapper.framework;
			name = DiscRecording.framework;
			path = System/Library/Frameworks/DiscRecording.framework;
			sourceTree = SDKROOT;
		};
		67F91D40B4BB8DBA2D6E16A2 = {
			isa = PBXFileReference;
			lastKnownFileType = sourcecode.c.h;
			name = "SynthUsingMidiInputTutorial_01.h";
			path = "../../Source/SynthUsingMidiInputTutorial_01.h";
			sourceTree = "SOURCE_ROOT";
		};
		68C30826973157730538FA92 = {
			isa = PBXFileReference;
			lastKnownFileType = wrapper.framework;
			name = Cocoa.framework;
			path = System/Library/Frameworks/Cocoa.framework;
			sourceTree = SDKROOT;
		};
		70AA90B17D5468094B78D096 = {
			isa = PBXFileReference;
			lastKnownFileType = file;
			name = "juce_audio_plugin_client";
			path = "~/JUCE/modules/juce_audio_plugin_client";
			sourceTree = "<absolute>";
		};
		75BCDF4BFC015BC368AAE0AA = {
			isa = PBXFileReference;
			lastKnownFileType = sourcecode.cpp.objcpp;
			name = "include_juce_audio_processors.mm";
			path = "../../JuceLibraryCode/include_juce_audio_processors.mm";
			sourceTree = "SOURCE_ROOT";
		};
		7B42997666282C40B7350110 = {
			isa = PBXFileReference;
			lastKnownFileType = sourcecode.cpp.objcpp;
			name = "include_juce_audio_plugin_client_AU_1.mm";
			path = "../../JuceLibraryCode/include_juce_audio_plugin_client_AU_1.mm";
			sourceTree = "SOURCE_ROOT";
		};
		818A2C30E8EF02210C1A2233 = {
			isa = PBXFileReference;
			lastKnownFileType = sourcecode.cpp.cpp;
			name = "include_juce_audio_plugin_client_Standalone.cpp";
			path = "../../JuceLibraryCode/include_juce_audio_plugin_client_Standalone.cpp";
			sourceTree = "SOURCE_ROOT";
		};
		87D9AC6D5D55B087BFEDCD30 = {
			isa = PBXFileReference;
			lastKnownFileType = file;
			name = "juce_audio_processors";
			path = "~/JUCE/modules/juce_audio_processors";
			sourceTree = "<absolute>";
		};
		8C7E80585B4AF3E6583B183C = {
			isa = PBXFileReference;
			lastKnownFileType = sourcecode.c.h;
			name = JuceHeader.h;
			path = ../../JuceLibraryCode/JuceHeader.h;
			sourceTree = "SOURCE_ROOT";
		};
		8EE9A2854E30075884756BAF = {
			isa = PBXFileReference;
			lastKnownFileType = wrapper.framework;
			name = AudioToolbox.framework;
			path = System/Library/Frameworks/AudioToolbox.framework;
			sourceTree = SDKROOT;
		};
		92D20F04CB5F2F21E1A94068 = {
			isa = PBXFileReference;
			lastKnownFileType = file;
			name = "juce_data_structures";
			path = "~/JUCE/modules/juce_data_structures";
			sourceTree = "<absolute>";
		};
		95FDE3EB15F0D2AA4B03659B = {
			isa = PBXFileReference;
			lastKnownFileType = sourcecode.cpp.objcpp;
			name = "include_juce_gui_extra.mm";
			path = "../../JuceLibraryCode/include_juce_gui_extra.mm";
			sourceTree = "SOURCE_ROOT";
		};
		9AF7BF2E2C571D10A41899E5 = {
			isa = PBXFileReference;
			lastKnownFileType = sourcecode.cpp.cpp;
			name = "include_juce_audio_plugin_client_VST2.cpp";
			path = "../../JuceLibraryCode/include_juce_audio_plugin_client_VST2.cpp";
			sourceTree = "SOURCE_ROOT";
		};
		A484597A268E561F84B0A35F = {
			isa = PBXFileReference;
			explicitFileType = wrapper.cfbundle;
			includeInIndex = 0;
			path = Synth.component;
			sourceTree = "BUILT_PRODUCTS_DIR";
		};
		93C710FA38177D55FBB100FB = {
			isa = PBXFileReference;
			explicitFileType = wrapper.application;
			includeInIndex = 0;
			path = Synth.app;
			sourceTree = "BUILT_PRODUCTS_DIR";
		};
		421A249EC0482B59E697121A = {
			isa = PBXFileReference;
			explicitFileType = archive.ar;
			includeInIndex = 0;
			path = libSynth.a;
			sourceTree = "BUILT_PRODUCTS_DIR";
		};
		A52EA21C57F5EAEA7759B90C = {
			isa = PBXFileReference;
			lastKnownFileType = wrapper.framework;
			name = OpenGL.framework;
			path = System/Library/Frameworks/OpenGL.framework;
			sourceTree = SDKROOT;
		};
		A55BC2CBD828938A5B236710 = {
			isa = PBXFileReference;
			lastKnownFileType = sourcecode.cpp.objcpp;
			name = "include_juce_events.mm";
			path = "../../JuceLibraryCode/include_juce_events.mm";
			sourceTree = "SOURCE_ROOT";
		};
		A8BB8318463A19303FB39691 = {
			isa = PBXFileReference;
			lastKnownFileType = wrapper.framework;
			name = WebKit.framework;
			path = System/Library/Frameworks/WebKit.framework;
			sourceTree = SDKROOT;
		};
		A9FE9A3079AF3064D59D6BE6 = {
			isa = PBXFileReference;
			lastKnownFileType = file;
			name = "juce_cryptography";
			path = "~/JUCE/modules/juce_cryptography";
			sourceTree = "<absolute>";
		};
		AD231911575346BA7C67A55E = {
			isa = PBXFileReference;
			lastKnownFileType = wrapper.framework;
			name = AudioUnit.framework;
			path = System/Library/Frameworks/AudioUnit.framework;
			sourceTree = SDKROOT;
		};
		AF3E8118E9E0109ED5895A80 = {
			isa = PBXFileReference;
			lastKnownFileType = file;
			name = "juce_audio_basics";
			path = "~/JUCE/modules/juce_audio_basics";
			sourceTree = "<absolute>";
		};
		B5447D30C8FBAFC9F33F4CB3 = {
			isa = PBXFileReference;
			lastKnownFileType = sourcecode.cpp.objcpp;
			name = "include_juce_opengl.mm";
			path = "../../JuceLibraryCode/include_juce_opengl.mm";
			sourceTree = "SOURCE_ROOT";
		};
		B68DE452666F0366400D0609 = {
			isa = PBXFileReference;
			lastKnownFileType = sourcecode.cpp.objcpp;
			name = "include_juce_audio_plugin_client_VST_utils.mm";
			path = "../../JuceLibraryCode/include_juce_audio_plugin_client_VST_utils.mm";
			sourceTree = "SOURCE_ROOT";
		};
		C11ABC98CF9681CDA9A53BD3 = {
			isa = PBXFileReference;
			lastKnownFileType = file;
			name = "juce_audio_utils";
			path = "~/JUCE/modules/juce_audio_utils";
			sourceTree = "<absolute>";
		};
		C22F983F04375911F2C77F2D = {
			isa = PBXFileReference;
			lastKnownFileType = file;
			name = "juce_audio_devices";
			path = "~/JUCE/modules/juce_audio_devices";
			sourceTree = "<absolute>";
		};
		CDEB1356B593C3D65FD22C05 = {
			isa = PBXFileReference;
			lastKnownFileType = wrapper.framework;
			name = CoreAudio.framework;
			path = System/Library/Frameworks/CoreAudio.framework;
			sourceTree = SDKROOT;
		};
		CE2F34CC59D961AD0A55D6AF = {
			isa = PBXFileReference;
			lastKnownFileType = sourcecode.cpp.objcpp;
			name = "include_juce_audio_utils.mm";
			path = "../../JuceLibraryCode/include_juce_audio_utils.mm";
			sourceTree = "SOURCE_ROOT";
		};
		D3B42D9EE2036B7F5B4C7BF2 = {
			isa = PBXFileReference;
			lastKnownFileType = sourcecode.c.h;
			name = AppConfig.h;
			path = ../../JuceLibraryCode/AppConfig.h;
			sourceTree = "SOURCE_ROOT";
		};
		D6B9689EDCDCB0D6FBE28816 = {
			isa = PBXFileReference;
			lastKnownFileType = sourcecode.cpp.objcpp;
			name = "include_juce_graphics.mm";
			path = "../../JuceLibraryCode/include_juce_graphics.mm";
			sourceTree = "SOURCE_ROOT";
		};
		DBB625FF5811616903B7D016 = {
			isa = PBXFileReference;
			lastKnownFileType = file;
			name = "juce_graphics";
			path = "~/JUCE/modules/juce_graphics";
			sourceTree = "<absolute>";
		};
		E3596B83A7857550F0B7E408 = {
			isa = PBXFileReference;
			lastKnownFileType = sourcecode.cpp.objcpp;
			name = "include_juce_audio_basics.mm";
			path = "../../JuceLibraryCode/include_juce_audio_basics.mm";
			sourceTree = "SOURCE_ROOT";
		};
		E5081FB6C5697661370ABB45 = {
			isa = PBXFileReference;
			lastKnownFileType = sourcecode.cpp.objcpp;
			name = "include_juce_audio_devices.mm";
			path = "../../JuceLibraryCode/include_juce_audio_devices.mm";
			sourceTree = "SOURCE_ROOT";
		};
		F26DA484DD30278E6769C713 = {
			isa = PBXFileReference;
			lastKnownFileType = sourcecode.cpp.objcpp;
			name = "include_juce_audio_plugin_client_AU_2.mm";
			path = "../../JuceLibraryCode/include_juce_audio_plugin_client_AU_2.mm";
			sourceTree = "SOURCE_ROOT";
		};
		F37B2E53C984CBC176968242 = {
			isa = PBXFileReference;
			lastKnownFileType = text.plist.xml;
			name = "Info-AU.plist";
			path = "Info-AU.plist";
			sourceTree = "SOURCE_ROOT";
		};
		F77AC2123A3EE69FD9483162 = {
			isa = PBXFileReference;
			lastKnownFileType = sourcecode.cpp.objcpp;
			name = "include_juce_data_structures.mm";
			path = "../../JuceLibraryCode/include_juce_data_structures.mm";
			sourceTree = "SOURCE_ROOT";
		};
		F963BFDFAC52329E5A3162BC = {
			isa = PBXFileReference;
			lastKnownFileType = text.plist.xml;
			name = "Info-VST.plist";
			path = "Info-VST.plist";
			sourceTree = "SOURCE_ROOT";
		};
		FC17D467B9BC12082AF680F1 = {
			isa = PBXFileReference;
			lastKnownFileType = wrapper.framework;
			name = CoreAudioKit.framework;
			path = System/Library/Frameworks/CoreAudioKit.framework;
			sourceTree = SDKROOT;
		};
		FECDE6EBD8EA9AA023A15632 = {
			isa = PBXFileReference;
			lastKnownFileType = file;
			name = "juce_core";
			path = "~/JUCE/modules/juce_core";
			sourceTree = "<absolute>";
		};
		8E8AA2C05F077AB90D78F5B9 = {
			isa = PBXGroup;
			children = (
				67F91D40B4BB8DBA2D6E16A2,
				1B3BB56F9ED294605361E691,
			);
			name = Source;
			sourceTree = "<group>";
		};
		51796E77F7C701441615A428 = {
			isa = PBXGroup;
			children = (
				8E8AA2C05F077AB90D78F5B9,
			);
			name = Synth;
			sourceTree = "<group>";
		};
		8DFDEFB9FAF082313D6DEC85 = {
			isa = PBXGroup;
			children = (
				AF3E8118E9E0109ED5895A80,
				C22F983F04375911F2C77F2D,
				28BAED393977EDDECCA5F4A7,
				70AA90B17D5468094B78D096,
				87D9AC6D5D55B087BFEDCD30,
				C11ABC98CF9681CDA9A53BD3,
				FECDE6EBD8EA9AA023A15632,
				A9FE9A3079AF3064D59D6BE6,
				92D20F04CB5F2F21E1A94068,
				5964D255BEB1B8FCDFC913C3,
				DBB625FF5811616903B7D016,
				003D4F66CF7C6035B10160DA,
				4FBE201DBD9D951D8E13E314,
				1C1F2F43C86617F49417C71C,
			);
			name = "JUCE Modules";
			sourceTree = "<group>";
		};
		D750DB8D91E6DB98AA7F5CE6 = {
			isa = PBXGroup;
			children = (
				D3B42D9EE2036B7F5B4C7BF2,
				E3596B83A7857550F0B7E408,
				E5081FB6C5697661370ABB45,
				015CB9762933DA4CBF1DAFA2,
				5DCF7A756A8544344082A947,
				7B42997666282C40B7350110,
				F26DA484DD30278E6769C713,
				818A2C30E8EF02210C1A2233,
				0CA6889FE19A2DA15E6A570E,
				B68DE452666F0366400D0609,
				9AF7BF2E2C571D10A41899E5,
				75BCDF4BFC015BC368AAE0AA,
				CE2F34CC59D961AD0A55D6AF,
				48DA5C6D31EDB1C9BC911E2B,
				0D931A53A5CC07ED0D9935F1,
				F77AC2123A3EE69FD9483162,
				A55BC2CBD828938A5B236710,
				D6B9689EDCDCB0D6FBE28816,
				5DF08763510F1B2F9408BA13,
				95FDE3EB15F0D2AA4B03659B,
				B5447D30C8FBAFC9F33F4CB3,
				8C7E80585B4AF3E6583B183C,
			);
			name = "JUCE Library Code";
			sourceTree = "<group>";
		};
		FAD1BF8953E386C0BBBE8091 = {
			isa = PBXGroup;
			children = (
				F963BFDFAC52329E5A3162BC,
				F37B2E53C984CBC176968242,
				10347950A16EA941F3688F1C,
				442CE6BEF300D8759D9435AE,
			);
			name = Resources;
			sourceTree = "<group>";
		};
		D98728A81F941312EB5F7B33 = {
			isa = PBXGroup;
			children = (
				AD231911575346BA7C67A55E,
				3AED26B614107FFBEF998FF0,
				8EE9A2854E30075884756BAF,
				0214B9639520C6864740AB26,
				68C30826973157730538FA92,
				CDEB1356B593C3D65FD22C05,
				FC17D467B9BC12082AF680F1,
				0CAB8AAA3E07A45A7E8B9A72,
				5E53A2CAD6E4DF3F96CE7E47,
				547438C842A0E4FB7ED76793,
				A52EA21C57F5EAEA7759B90C,
				1D7A768976BCC1B764E8647D,
				A8BB8318463A19303FB39691,
			);
			name = Frameworks;
			sourceTree = "<group>";
		};
		85D1C2F8DFC3E81ADE129EC1 = {
			isa = PBXGroup;
			children = (
				1E2CC9CD1A585C521E0DD6AA,
				A484597A268E561F84B0A35F,
				93C710FA38177D55FBB100FB,
				421A249EC0482B59E697121A,
			);
			name = Products;
			sourceTree = "<group>";
		};
		81549EA3E58709CAFAF9282F = {
			isa = PBXGroup;
			children = (
				51796E77F7C701441615A428,
				8DFDEFB9FAF082313D6DEC85,
				D750DB8D91E6DB98AA7F5CE6,
				FAD1BF8953E386C0BBBE8091,
				D98728A81F941312EB5F7B33,
				85D1C2F8DFC3E81ADE129EC1,
			);
			name = Source;
			sourceTree = "<group>";
		};
		AF653E0D0CE4B5F4FAED6E11 = {
			isa = XCBuildConfiguration;
			buildSettings = {
				MACOSX_DEPLOYMENT_TARGET = 10.11;
				SDKROOT = macosx;
			};
			name = Debug;
		};
		42BE26A701BBF32F3FBA2D80 = {
			isa = XCBuildConfiguration;
			buildSettings = {
				MACOSX_DEPLOYMENT_TARGET = 10.11;
				SDKROOT = macosx;
			};
			name = Release;
		};
		56151B57FFFA66601893D98E = {
			isa = XCBuildConfiguration;
			buildSettings = {
				CLANG_CXX_LANGUAGE_STANDARD = "c++11";
				CLANG_CXX_LIBRARY = "libc++";
				CLANG_LINK_OBJC_RUNTIME = NO;
				CODE_SIGN_IDENTITY = "";
				COMBINE_HIDPI_IMAGES = YES;
				CONFIGURATION_BUILD_DIR = "$(PROJECT_DIR)/build/$(CONFIGURATION)";
				COPY_PHASE_STRIP = NO;
				DEPLOYMENT_LOCATION = YES;
				DSTROOT = /;
				GCC_DYNAMIC_NO_PIC = NO;
				GCC_OPTIMIZATION_LEVEL = 0;
				GCC_PREPROCESSOR_DEFINITIONS = (
					"_DEBUG=1",
					"DEBUG=1",
					"JUCER_XCODE_MAC_F6D2F4CF=1",
					"JUCE_APP_VERSION=1.0.0",
					"JUCE_APP_VERSION_HEX=0x10000",
					"JucePlugin_Build_VST=1",
					"JucePlugin_Build_VST3=0",
					"JucePlugin_Build_AU=0",
					"JucePlugin_Build_AUv3=0",
					"JucePlugin_Build_RTAS=0",
					"JucePlugin_Build_AAX=0",
					"JucePlugin_Build_Standalone=0",
					"JucePlugin_Build_Unity=0",
				);
				GCC_VERSION = com.apple.compilers.llvm.clang.1_0;
				GENERATE_PKGINFO_FILE = YES;
				HEADER_SEARCH_PATHS = (
					"$(HOME)/SDKs/VST_SDK/VST3_SDK",
					"../../JuceLibraryCode",
					"$(HOME)/JUCE/modules",
					"$(HOME)/JUCE/modules/juce_audio_plugin_client",
					"$(inherited)",
				);
				INFOPLIST_FILE = Info-VST.plist;
				INFOPLIST_PREPROCESS = NO;
				INSTALL_PATH = "$(HOME)/Library/Audio/Plug-Ins/VST/";
				LIBRARY_STYLE = Bundle;
				MACOSX_DEPLOYMENT_TARGET = 10.11;
				OTHER_LDFLAGS = "-bundle -lSynth";
				PRODUCT_BUNDLE_IDENTIFIER = com.yourcompany.Synth;
				PRODUCT_NAME = "Synth";
				USE_HEADERMAP = NO;
				WRAPPER_EXTENSION = vst;
			};
			name = Debug;
		};
		40EC97EE1F499C39D1FCDA9A = {
			isa = XCBuildConfiguration;
			buildSettings = {
				CLANG_CXX_LANGUAGE_STANDARD = "c++11";
				CLANG_CXX_LIBRARY = "libc++";
				CLANG_LINK_OBJC_RUNTIME = NO;
				CODE_SIGN_IDENTITY = "";
				COMBINE_HIDPI_IMAGES = YES;
				CONFIGURATION_BUILD_DIR = "$(PROJECT_DIR)/build/$(CONFIGURATION)";
				DEAD_CODE_STRIPPING = YES;
				DEPLOYMENT_LOCATION = YES;
				DSTROOT = /;
				GCC_GENERATE_DEBUGGING_SYMBOLS = NO;
				GCC_OPTIMIZATION_LEVEL = 3;
				GCC_PREPROCESSOR_DEFINITIONS = (
					"_NDEBUG=1",
					"NDEBUG=1",
					"JUCER_XCODE_MAC_F6D2F4CF=1",
					"JUCE_APP_VERSION=1.0.0",
					"JUCE_APP_VERSION_HEX=0x10000",
					"JucePlugin_Build_VST=1",
					"JucePlugin_Build_VST3=0",
					"JucePlugin_Build_AU=0",
					"JucePlugin_Build_AUv3=0",
					"JucePlugin_Build_RTAS=0",
					"JucePlugin_Build_AAX=0",
					"JucePlugin_Build_Standalone=0",
					"JucePlugin_Build_Unity=0",
				);
				GCC_SYMBOLS_PRIVATE_EXTERN = YES;
				GCC_VERSION = com.apple.compilers.llvm.clang.1_0;
				GENERATE_PKGINFO_FILE = YES;
				HEADER_SEARCH_PATHS = (
					"$(HOME)/SDKs/VST_SDK/VST3_SDK",
					"../../JuceLibraryCode",
					"$(HOME)/JUCE/modules",
					"$(HOME)/JUCE/modules/juce_audio_plugin_client",
					"$(inherited)",
				);
				INFOPLIST_FILE = Info-VST.plist;
				INFOPLIST_PREPROCESS = NO;
				INSTALL_PATH = "$(HOME)/Library/Audio/Plug-Ins/VST/";
				LIBRARY_STYLE = Bundle;
				LLVM_LTO = YES;
				MACOSX_DEPLOYMENT_TARGET = 10.11;
				OTHER_LDFLAGS = "-bundle -lSynth";
				PRODUCT_BUNDLE_IDENTIFIER = com.yourcompany.Synth;
				PRODUCT_NAME = "Synth";
				USE_HEADERMAP = NO;
				WRAPPER_EXTENSION = vst;
			};
			name = Release;
		};
		3B867CBECCD30DFBD63C19EA = {
			isa = XCBuildConfiguration;
			buildSettings = {
				CLANG_CXX_LANGUAGE_STANDARD = "c++11";
				CLANG_CXX_LIBRARY = "libc++";
				CLANG_LINK_OBJC_RUNTIME = NO;
				CODE_SIGN_IDENTITY = "";
				COMBINE_HIDPI_IMAGES = YES;
				CONFIGURATION_BUILD_DIR = "$(PROJECT_DIR)/build/$(CONFIGURATION)";
				COPY_PHASE_STRIP = NO;
				DEPLOYMENT_LOCATION = YES;
				DSTROOT = /;
				GCC_DYNAMIC_NO_PIC = NO;
				GCC_OPTIMIZATION_LEVEL = 0;
				GCC_PREPROCESSOR_DEFINITIONS = (
					"_DEBUG=1",
					"DEBUG=1",
					"JUCER_XCODE_MAC_F6D2F4CF=1",
					"JUCE_APP_VERSION=1.0.0",
					"JUCE_APP_VERSION_HEX=0x10000",
					"JucePlugin_Build_VST=0",
					"JucePlugin_Build_VST3=0",
					"JucePlugin_Build_AU=1",
					"JucePlugin_Build_AUv3=0",
					"JucePlugin_Build_RTAS=0",
					"JucePlugin_Build_AAX=0",
					"JucePlugin_Build_Standalone=0",
					"JucePlugin_Build_Unity=0",
				);
				GCC_VERSION = com.apple.compilers.llvm.clang.1_0;
				GENERATE_PKGINFO_FILE = YES;
				HEADER_SEARCH_PATHS = (
					"$(HOME)/SDKs/VST_SDK/VST3_SDK",
					"../../JuceLibraryCode",
					"$(HOME)/JUCE/modules",
					"$(HOME)/JUCE/modules/juce_audio_plugin_client",
					"$(inherited)",
				);
				INFOPLIST_FILE = Info-AU.plist;
				INFOPLIST_PREPROCESS = NO;
				INSTALL_PATH = "$(HOME)/Library/Audio/Plug-Ins/Components/";
				LIBRARY_STYLE = Bundle;
				MACOSX_DEPLOYMENT_TARGET = 10.11;
				OTHER_LDFLAGS = "-bundle -lSynth";
				OTHER_REZFLAGS = "-d ppc_$ppc -d i386_$i386 -d ppc64_$ppc64 -d x86_64_$x86_64 -I /System/Library/Frameworks/CoreServices.framework/Frameworks/CarbonCore.framework/Versions/A/Headers -I \"$(DEVELOPER_DIR)/Extras/CoreAudio/AudioUnits/AUPublic/AUBase\" -I \"$(DEVELOPER_DIR)/Platforms/MacOSX.platform/Developer/SDKs/MacOSX.sdk/System/Library/Frameworks/AudioUnit.framework/Headers\"";
				PRODUCT_BUNDLE_IDENTIFIER = com.yourcompany.Synth;
				PRODUCT_NAME = "Synth";
				USE_HEADERMAP = NO;
				WRAPPER_EXTENSION = component;
			};
			name = Debug;
		};
		BE57D53C35B9AFA4D0523331 = {
			isa = XCBuildConfiguration;
			buildSettings = {
				CLANG_CXX_LANGUAGE_STANDARD = "c++11";
				CLANG_CXX_LIBRARY = "libc++";
				CLANG_LINK_OBJC_RUNTIME = NO;
				CODE_SIGN_IDENTITY = "";
				COMBINE_HIDPI_IMAGES = YES;
				CONFIGURATION_BUILD_DIR = "$(PROJECT_DIR)/build/$(CONFIGURATION)";
				DEAD_CODE_STRIPPING = YES;
				DEPLOYMENT_LOCATION = YES;
				DSTROOT = /;
				GCC_GENERATE_DEBUGGING_SYMBOLS = NO;
				GCC_OPTIMIZATION_LEVEL = 3;
				GCC_PREPROCESSOR_DEFINITIONS = (
					"_NDEBUG=1",
					"NDEBUG=1",
					"JUCER_XCODE_MAC_F6D2F4CF=1",
					"JUCE_APP_VERSION=1.0.0",
					"JUCE_APP_VERSION_HEX=0x10000",
					"JucePlugin_Build_VST=0",
					"JucePlugin_Build_VST3=0",
					"JucePlugin_Build_AU=1",
					"JucePlugin_Build_AUv3=0",
					"JucePlugin_Build_RTAS=0",
					"JucePlugin_Build_AAX=0",
					"JucePlugin_Build_Standalone=0",
					"JucePlugin_Build_Unity=0",
				);
				GCC_SYMBOLS_PRIVATE_EXTERN = YES;
				GCC_VERSION = com.apple.compilers.llvm.clang.1_0;
				GENERATE_PKGINFO_FILE = YES;
				HEADER_SEARCH_PATHS = (
					"$(HOME)/SDKs/VST_SDK/VST3_SDK",
					"../../JuceLibraryCode",
					"$(HOME)/JUCE/modules",
					"$(HOME)/JUCE/modules/juce_audio_plugin_client",
					"$(inherited)",
				);
				INFOPLIST_FILE = Info-AU.plist;
				INFOPLIST_PREPROCESS = NO;
				INSTALL_PATH = "$(HOME)/Library/Audio/Plug-Ins/Components/";
				LIBRARY_STYLE = Bundle;
				LLVM_LTO = YES;
				MACOSX_DEPLOYMENT_TARGET = 10.11;
				OTHER_LDFLAGS = "-bundle -lSynth";
				OTHER_REZFLAGS = "-d ppc_$ppc -d i386_$i386 -d ppc64_$ppc64 -d x86_64_$x86_64 -I /System/Library/Frameworks/CoreServices.framework/Frameworks/CarbonCore.framework/Versions/A/Headers -I \"$(DEVELOPER_DIR)/Extras/CoreAudio/AudioUnits/AUPublic/AUBase\" -I \"$(DEVELOPER_DIR)/Platforms/MacOSX.platform/Developer/SDKs/MacOSX.sdk/System/Library/Frameworks/AudioUnit.framework/Headers\"";
				PRODUCT_BUNDLE_IDENTIFIER = com.yourcompany.Synth;
				PRODUCT_NAME = "Synth";
				USE_HEADERMAP = NO;
				WRAPPER_EXTENSION = component;
			};
			name = Release;
		};
		0D7B9452AF6EE0802E6FEA39 = {
			isa = XCBuildConfiguration;
			buildSettings = {
				CLANG_CXX_LANGUAGE_STANDARD = "c++11";
				CLANG_CXX_LIBRARY = "libc++";
				CLANG_LINK_OBJC_RUNTIME = NO;
				CODE_SIGN_IDENTITY = "";
				COMBINE_HIDPI_IMAGES = YES;
				CONFIGURATION_BUILD_DIR = "$(PROJECT_DIR)/build/$(CONFIGURATION)";
				COPY_PHASE_STRIP = NO;
				GCC_DYNAMIC_NO_PIC = NO;
				GCC_OPTIMIZATION_LEVEL = 0;
				GCC_PREPROCESSOR_DEFINITIONS = (
					"_DEBUG=1",
					"DEBUG=1",
					"JUCER_XCODE_MAC_F6D2F4CF=1",
					"JUCE_APP_VERSION=1.0.0",
					"JUCE_APP_VERSION_HEX=0x10000",
					"JucePlugin_Build_VST=0",
					"JucePlugin_Build_VST3=0",
					"JucePlugin_Build_AU=0",
					"JucePlugin_Build_AUv3=0",
					"JucePlugin_Build_RTAS=0",
					"JucePlugin_Build_AAX=0",
					"JucePlugin_Build_Standalone=1",
					"JucePlugin_Build_Unity=0",
				);
				GCC_VERSION = com.apple.compilers.llvm.clang.1_0;
				HEADER_SEARCH_PATHS = (
					"$(HOME)/SDKs/VST_SDK/VST3_SDK",
					"../../JuceLibraryCode",
					"$(HOME)/JUCE/modules",
					"$(HOME)/JUCE/modules/juce_audio_plugin_client",
					"$(inherited)",
				);
				INFOPLIST_FILE = Info-Standalone_Plugin.plist;
				INFOPLIST_PREPROCESS = NO;
				MACOSX_DEPLOYMENT_TARGET = 10.11;
				OTHER_LDFLAGS = "-lSynth";
				PRODUCT_BUNDLE_IDENTIFIER = com.yourcompany.Synth;
				PRODUCT_NAME = "Synth";
				USE_HEADERMAP = NO;
			};
			name = Debug;
		};
		FA8B8F11C1E812FEEC4BEF9F = {
			isa = XCBuildConfiguration;
			buildSettings = {
				CLANG_CXX_LANGUAGE_STANDARD = "c++11";
				CLANG_CXX_LIBRARY = "libc++";
				CLANG_LINK_OBJC_RUNTIME = NO;
				CODE_SIGN_IDENTITY = "";
				COMBINE_HIDPI_IMAGES = YES;
				CONFIGURATION_BUILD_DIR = "$(PROJECT_DIR)/build/$(CONFIGURATION)";
				DEAD_CODE_STRIPPING = YES;
				GCC_GENERATE_DEBUGGING_SYMBOLS = NO;
				GCC_OPTIMIZATION_LEVEL = 3;
				GCC_PREPROCESSOR_DEFINITIONS = (
					"_NDEBUG=1",
					"NDEBUG=1",
					"JUCER_XCODE_MAC_F6D2F4CF=1",
					"JUCE_APP_VERSION=1.0.0",
					"JUCE_APP_VERSION_HEX=0x10000",
					"JucePlugin_Build_VST=0",
					"JucePlugin_Build_VST3=0",
					"JucePlugin_Build_AU=0",
					"JucePlugin_Build_AUv3=0",
					"JucePlugin_Build_RTAS=0",
					"JucePlugin_Build_AAX=0",
					"JucePlugin_Build_Standalone=1",
					"JucePlugin_Build_Unity=0",
				);
				GCC_SYMBOLS_PRIVATE_EXTERN = YES;
				GCC_VERSION = com.apple.compilers.llvm.clang.1_0;
				HEADER_SEARCH_PATHS = (
					"$(HOME)/SDKs/VST_SDK/VST3_SDK",
					"../../JuceLibraryCode",
					"$(HOME)/JUCE/modules",
					"$(HOME)/JUCE/modules/juce_audio_plugin_client",
					"$(inherited)",
				);
				INFOPLIST_FILE = Info-Standalone_Plugin.plist;
				INFOPLIST_PREPROCESS = NO;
				LLVM_LTO = YES;
				MACOSX_DEPLOYMENT_TARGET = 10.11;
				OTHER_LDFLAGS = "-lSynth";
				PRODUCT_BUNDLE_IDENTIFIER = com.yourcompany.Synth;
				PRODUCT_NAME = "Synth";
				USE_HEADERMAP = NO;
			};
			name = Release;
		};
		917DC99D3B0456D6CC1F4DB6 = {
			isa = XCBuildConfiguration;
			buildSettings = {
				CLANG_CXX_LANGUAGE_STANDARD = "c++11";
				CLANG_CXX_LIBRARY = "libc++";
				CLANG_LINK_OBJC_RUNTIME = NO;
				CODE_SIGN_IDENTITY = "";
				COMBINE_HIDPI_IMAGES = YES;
				CONFIGURATION_BUILD_DIR = "$(PROJECT_DIR)/build/$(CONFIGURATION)";
				COPY_PHASE_STRIP = NO;
				GCC_DYNAMIC_NO_PIC = NO;
				GCC_OPTIMIZATION_LEVEL = 0;
				GCC_PREPROCESSOR_DEFINITIONS = (
					"_DEBUG=1",
					"DEBUG=1",
					"JUCER_XCODE_MAC_F6D2F4CF=1",
					"JUCE_APP_VERSION=1.0.0",
					"JUCE_APP_VERSION_HEX=0x10000",
					"JucePlugin_Build_VST=1",
					"JucePlugin_Build_VST3=0",
					"JucePlugin_Build_AU=1",
					"JucePlugin_Build_AUv3=0",
					"JucePlugin_Build_RTAS=0",
					"JucePlugin_Build_AAX=0",
					"JucePlugin_Build_Standalone=1",
					"JucePlugin_Build_Unity=0",
					"JUCE_SHARED_CODE=1",
				);
				GCC_VERSION = com.apple.compilers.llvm.clang.1_0;
				HEADER_SEARCH_PATHS = (
					"$(HOME)/SDKs/VST_SDK/VST3_SDK",
					"../../JuceLibraryCode",
					"$(HOME)/JUCE/modules",
					"$(HOME)/JUCE/modules/juce_audio_plugin_client",
					"$(inherited)",
				);
				INSTALL_PATH = "@executable_path/../Frameworks";
				MACOSX_DEPLOYMENT_TARGET = 10.11;
				PRODUCT_BUNDLE_IDENTIFIER = com.yourcompany.Synth;
				PRODUCT_NAME = "Synth";
				SKIP_INSTALL = YES;
				USE_HEADERMAP = NO;
			};
			name = Debug;
		};
		DEF0E3755F8AF7FFBFDFDDA7 = {
			isa = XCBuildConfiguration;
			buildSettings = {
				CLANG_CXX_LANGUAGE_STANDARD = "c++11";
				CLANG_CXX_LIBRARY = "libc++";
				CLANG_LINK_OBJC_RUNTIME = NO;
				CODE_SIGN_IDENTITY = "";
				COMBINE_HIDPI_IMAGES = YES;
				CONFIGURATION_BUILD_DIR = "$(PROJECT_DIR)/build/$(CONFIGURATION)";
				DEAD_CODE_STRIPPING = YES;
				GCC_GENERATE_DEBUGGING_SYMBOLS = NO;
				GCC_OPTIMIZATION_LEVEL = 3;
				GCC_PREPROCESSOR_DEFINITIONS = (
					"_NDEBUG=1",
					"NDEBUG=1",
					"JUCER_XCODE_MAC_F6D2F4CF=1",
					"JUCE_APP_VERSION=1.0.0",
					"JUCE_APP_VERSION_HEX=0x10000",
					"JucePlugin_Build_VST=1",
					"JucePlugin_Build_VST3=0",
					"JucePlugin_Build_AU=1",
					"JucePlugin_Build_AUv3=0",
					"JucePlugin_Build_RTAS=0",
					"JucePlugin_Build_AAX=0",
					"JucePlugin_Build_Standalone=1",
					"JucePlugin_Build_Unity=0",
					"JUCE_SHARED_CODE=1",
				);
				GCC_SYMBOLS_PRIVATE_EXTERN = YES;
				GCC_VERSION = com.apple.compilers.llvm.clang.1_0;
				HEADER_SEARCH_PATHS = (
					"$(HOME)/SDKs/VST_SDK/VST3_SDK",
					"../../JuceLibraryCode",
					"$(HOME)/JUCE/modules",
					"$(HOME)/JUCE/modules/juce_audio_plugin_client",
					"$(inherited)",
				);
				INSTALL_PATH = "@executable_path/../Frameworks";
				LLVM_LTO = YES;
				MACOSX_DEPLOYMENT_TARGET = 10.11;
				PRODUCT_BUNDLE_IDENTIFIER = com.yourcompany.Synth;
				PRODUCT_NAME = "Synth";
				SKIP_INSTALL = YES;
				USE_HEADERMAP = NO;
			};
			name = Release;
		};
		B890A7D54049E1EA4F946E66 = {
			isa = XCBuildConfiguration;
			buildSettings = {
				ALWAYS_SEARCH_USER_PATHS = NO;
				CLANG_ENABLE_OBJC_WEAK = YES;
				CLANG_WARN_BLOCK_CAPTURE_AUTORELEASING = YES;
				CLANG_WARN_BOOL_CONVERSION = YES;
				CLANG_WARN_COMMA = YES;
				CLANG_WARN_CONSTANT_CONVERSION = YES;
				CLANG_WARN_DEPRECATED_OBJC_IMPLEMENTATIONS = YES;
				CLANG_WARN_EMPTY_BODY = YES;
				CLANG_WARN_ENUM_CONVERSION = YES;
				CLANG_WARN_INFINITE_RECURSION = YES;
				CLANG_WARN_INT_CONVERSION = YES;
				CLANG_WARN_NON_LITERAL_NULL_CONVERSION = YES;
				CLANG_WARN_OBJC_IMPLICIT_RETAIN_SELF = YES;
				CLANG_WARN_OBJC_LITERAL_CONVERSION = YES;
				CLANG_WARN_RANGE_LOOP_ANALYSIS = YES;
				CLANG_WARN_STRICT_PROTOTYPES = YES;
				CLANG_WARN_SUSPICIOUS_MOVE = YES;
				CLANG_WARN_UNREACHABLE_CODE = YES;
				CLANG_WARN__DUPLICATE_METHOD_MATCH = YES;
				CODE_SIGN_IDENTITY = "";
				DEBUG_INFORMATION_FORMAT = dwarf;
				ENABLE_STRICT_OBJC_MSGSEND = YES;
				ENABLE_TESTABILITY = YES;
				GCC_C_LANGUAGE_STANDARD = c11;
				GCC_INLINES_ARE_PRIVATE_EXTERN = YES;
				GCC_MODEL_TUNING = G5;
				GCC_NO_COMMON_BLOCKS = YES;
				GCC_WARN_64_TO_32_BIT_CONVERSION = YES;
				GCC_WARN_ABOUT_RETURN_TYPE = YES;
				GCC_WARN_CHECK_SWITCH_STATEMENTS = YES;
				GCC_WARN_MISSING_PARENTHESES = YES;
				GCC_WARN_NON_VIRTUAL_DESTRUCTOR = YES;
				GCC_WARN_TYPECHECK_CALLS_TO_PRINTF = YES;
				GCC_WARN_UNDECLARED_SELECTOR = YES;
				GCC_WARN_UNINITIALIZED_AUTOS = YES;
				GCC_WARN_UNUSED_FUNCTION = YES;
				GCC_WARN_UNUSED_VARIABLE = YES;
				ONLY_ACTIVE_ARCH = YES;
				PRODUCT_NAME = "Synth";
				SDKROOT = macosx;
				WARNING_CFLAGS = "-Wreorder";
				ZERO_LINK = NO;
			};
			name = Debug;
		};
		D95E10C986963BA0190D95B1 = {
			isa = XCBuildConfiguration;
			buildSettings = {
				ALWAYS_SEARCH_USER_PATHS = NO;
				CLANG_ENABLE_OBJC_WEAK = YES;
				CLANG_WARN_BLOCK_CAPTURE_AUTORELEASING = YES;
				CLANG_WARN_BOOL_CONVERSION = YES;
				CLANG_WARN_COMMA = YES;
				CLANG_WARN_CONSTANT_CONVERSION = YES;
				CLANG_WARN_DEPRECATED_OBJC_IMPLEMENTATIONS = YES;
				CLANG_WARN_EMPTY_BODY = YES;
				CLANG_WARN_ENUM_CONVERSION = YES;
				CLANG_WARN_INFINITE_RECURSION = YES;
				CLANG_WARN_INT_CONVERSION = YES;
				CLANG_WARN_NON_LITERAL_NULL_CONVERSION = YES;
				CLANG_WARN_OBJC_IMPLICIT_RETAIN_SELF = YES;
				CLANG_WARN_OBJC_LITERAL_CONVERSION = YES;
				CLANG_WARN_RANGE_LOOP_ANALYSIS = YES;
				CLANG_WARN_STRICT_PROTOTYPES = YES;
				CLANG_WARN_SUSPICIOUS_MOVE = YES;
				CLANG_WARN_UNREACHABLE_CODE = YES;
				CLANG_WARN__DUPLICATE_METHOD_MATCH = YES;
				CODE_SIGN_IDENTITY = "";
				DEBUG_INFORMATION_FORMAT = dwarf;
				ENABLE_STRICT_OBJC_MSGSEND = YES;
				GCC_C_LANGUAGE_STANDARD = c11;
				GCC_INLINES_ARE_PRIVATE_EXTERN = YES;
				GCC_MODEL_TUNING = G5;
				GCC_NO_COMMON_BLOCKS = YES;
				GCC_WARN_64_TO_32_BIT_CONVERSION = YES;
				GCC_WARN_ABOUT_RETURN_TYPE = YES;
				GCC_WARN_CHECK_SWITCH_STATEMENTS = YES;
				GCC_WARN_MISSING_PARENTHESES = YES;
				GCC_WARN_NON_VIRTUAL_DESTRUCTOR = YES;
				GCC_WARN_TYPECHECK_CALLS_TO_PRINTF = YES;
				GCC_WARN_UNDECLARED_SELECTOR = YES;
				GCC_WARN_UNINITIALIZED_AUTOS = YES;
				GCC_WARN_UNUSED_FUNCTION = YES;
				GCC_WARN_UNUSED_VARIABLE = YES;
				PRODUCT_NAME = "Synth";
				SDKROOT = macosx;
				WARNING_CFLAGS = "-Wreorder";
				ZERO_LINK = NO;
			};
			name = Release;
		};
		B5482E221E7914EC50A08659 = {
			isa = PBXTargetDependency;
			target = BB6347880C85C80593D5BED9;
		};
		F34E8B23FEE7A2F259EB30EE = {
			isa = PBXTargetDependency;
			target = A4694FC8125AD8B41D930ADB;
		};
		AA71EF719392AD743AD3E562 = {
			isa = PBXTargetDependency;
			target = C7A9FF67716C9750D6611948;
		};
		C2C48BB71A4196F5CAA817EC = {
			isa = PBXTargetDependency;
			target = BB9E815192289BC1E8B3BF0D;
		};
		36D39DF07FCD2BD0C1EDC087 = {
			isa = XCConfigurationList;
			buildConfigurations = (
				B890A7D54049E1EA4F946E66,
				D95E10C986963BA0190D95B1,
			);
			defaultConfigurationIsVisible = 0;
			defaultConfigurationName = Debug;
		};
		F3462FB5180B35AC5D8C3307 = {
			isa = XCConfigurationList;
			buildConfigurations = (
				AF653E0D0CE4B5F4FAED6E11,
				42BE26A701BBF32F3FBA2D80,
			);
			defaultConfigurationIsVisible = 0;
			defaultConfigurationName = Debug;
		};
		6DC38B1E34FAF15E775B9E81 = {
			isa = PBXAggregateTarget;
			buildConfigurationList = F3462FB5180B35AC5D8C3307;
			buildPhases = ( );
			buildRules = ( );
			dependencies = (
				B5482E221E7914EC50A08659,
				F34E8B23FEE7A2F259EB30EE,
				AA71EF719392AD743AD3E562,
				C2C48BB71A4196F5CAA817EC,
			);
			name = "Synth - All";
			productName = Synth;
		};
		F8912FB3B642800A07B2F04C = {
			isa = XCConfigurationList;
			buildConfigurations = (
				56151B57FFFA66601893D98E,
				40EC97EE1F499C39D1FCDA9A,
			);
			defaultConfigurationIsVisible = 0;
			defaultConfigurationName = Debug;
		};
		A0BEB32771EE05E6A8433843 = {
			isa = PBXResourcesBuildPhase;
			buildActionMask = 2147483647;
			files = (
				FED2DD67C8AD2933F3885D83,
			);
			runOnlyForDeploymentPostprocessing = 0;
		};
		0C5CD4740873A141B83BA4C4 = {
			isa = PBXSourcesBuildPhase;
			buildActionMask = 2147483647;
			files = (
				4FD1BEBA7C091E497242AF4D,
			);
			runOnlyForDeploymentPostprocessing = 0;
		};
		C2A08AD39F30C19C17A9A3BD = {
			isa = PBXFrameworksBuildPhase;
			buildActionMask = 2147483647;
			files = (
				76356E6BF5BF1950CBB09E15,
				B34C86D77187B0C62EA5A768,
				9FC1322EDB5CB8086BF132A4,
				61686461AF078F832AB49FA5,
				4AB9B4DC087160A7DD4DE2BA,
				724A2C92BFB91E8F7B56B8EE,
				1B7FA2B84B8E9AE6DC9DD648,
				CD78EA090EAF40228FE420BA,
				86E9F80B6062F5B8E984C52C,
				EBB64F801F190170107E1630,
				C009FDD10518E37B5B893783,
				2D4CC35CD5E4B37B643CA085,
			);
			runOnlyForDeploymentPostprocessing = 0;
		};
		BB6347880C85C80593D5BED9 = {
			isa = PBXNativeTarget;
			buildConfigurationList = F8912FB3B642800A07B2F04C;
			buildPhases = (
				A0BEB32771EE05E6A8433843,
				0C5CD4740873A141B83BA4C4,
				C2A08AD39F30C19C17A9A3BD,
			);
			buildRules = ( );
			dependencies = (
				C2C48BB71A4196F5CAA817EC,
			);
			name = "Synth - VST";
			productName = Synth;
			productReference = 1E2CC9CD1A585C521E0DD6AA;
			productType = "com.apple.product-type.bundle";
		};
		E468062AA30FD99550B2C332 = {
			isa = XCConfigurationList;
			buildConfigurations = (
				3B867CBECCD30DFBD63C19EA,
				BE57D53C35B9AFA4D0523331,
			);
			defaultConfigurationIsVisible = 0;
			defaultConfigurationName = Debug;
		};
		EE83E97781489AC50FAE581C = {
			isa = PBXResourcesBuildPhase;
			buildActionMask = 2147483647;
			files = (
				FED2DD67C8AD2933F3885D83,
			);
			runOnlyForDeploymentPostprocessing = 0;
		};
		5B4622E1EFFBCBDDD5A93AF0 = {
			isa = PBXRezBuildPhase;
			buildActionMask = 2147483647;
			files = (
				0AED7B4839005AEA02A87777,
			);
			runOnlyForDeploymentPostprocessing = 0;
		};
		99A6D54A868D435563CFD3FD = {
			isa = PBXSourcesBuildPhase;
			buildActionMask = 2147483647;
			files = (
				91009B33EEF39D674224121C,
				B8C2F2DEE4DE8A28FAECB991,
			);
			runOnlyForDeploymentPostprocessing = 0;
		};
		0D4C0FE47D9443F562714163 = {
			isa = PBXFrameworksBuildPhase;
			buildActionMask = 2147483647;
			files = (
				2BA280ABEB2758CE62C7E553,
				76356E6BF5BF1950CBB09E15,
				B34C86D77187B0C62EA5A768,
				9FC1322EDB5CB8086BF132A4,
				61686461AF078F832AB49FA5,
				4AB9B4DC087160A7DD4DE2BA,
				724A2C92BFB91E8F7B56B8EE,
				1B7FA2B84B8E9AE6DC9DD648,
				CD78EA090EAF40228FE420BA,
				86E9F80B6062F5B8E984C52C,
				EBB64F801F190170107E1630,
				C009FDD10518E37B5B893783,
				2D4CC35CD5E4B37B643CA085,
			);
			runOnlyForDeploymentPostprocessing = 0;
		};
		A4694FC8125AD8B41D930ADB = {
			isa = PBXNativeTarget;
			buildConfigurationList = E468062AA30FD99550B2C332;
			buildPhases = (
				EE83E97781489AC50FAE581C,
				5B4622E1EFFBCBDDD5A93AF0,
				99A6D54A868D435563CFD3FD,
				0D4C0FE47D9443F562714163,
			);
			buildRules = ( );
			dependencies = (
				C2C48BB71A4196F5CAA817EC,
			);
			name = "Synth - AU";
			productName = Synth;
			productReference = A484597A268E561F84B0A35F;
			productType = "com.apple.product-type.bundle";
		};
		0D8B71102E16B7696DC4BD1A = {
			isa = XCConfigurationList;
			buildConfigurations = (
				0D7B9452AF6EE0802E6FEA39,
				FA8B8F11C1E812FEEC4BEF9F,
			);
			defaultConfigurationIsVisible = 0;
			defaultConfigurationName = Debug;
		};
		4E5873E7C598FF4B49609943 = {
			isa = PBXResourcesBuildPhase;
			buildActionMask = 2147483647;
			files = (
				FED2DD67C8AD2933F3885D83,
			);
			runOnlyForDeploymentPostprocessing = 0;
		};
		0E27A46CB3E39B6D36469B7D = {
			isa = PBXSourcesBuildPhase;
			buildActionMask = 2147483647;
			files = (
				74750961AFE4A2A8F3457A93,
			);
			runOnlyForDeploymentPostprocessing = 0;
		};
		48AA0A5F1F6CF1CA514C9C67 = {
			isa = PBXFrameworksBuildPhase;
			buildActionMask = 2147483647;
			files = (
				76356E6BF5BF1950CBB09E15,
				B34C86D77187B0C62EA5A768,
				9FC1322EDB5CB8086BF132A4,
				61686461AF078F832AB49FA5,
				4AB9B4DC087160A7DD4DE2BA,
				724A2C92BFB91E8F7B56B8EE,
				1B7FA2B84B8E9AE6DC9DD648,
				CD78EA090EAF40228FE420BA,
				86E9F80B6062F5B8E984C52C,
				EBB64F801F190170107E1630,
				C009FDD10518E37B5B893783,
				2D4CC35CD5E4B37B643CA085,
			);
			runOnlyForDeploymentPostprocessing = 0;
		};
		C7A9FF67716C9750D6611948 = {
			isa = PBXNativeTarget;
			buildConfigurationList = 0D8B71102E16B7696DC4BD1A;
			buildPhases = (
				4E5873E7C598FF4B49609943,
				0E27A46CB3E39B6D36469B7D,
				48AA0A5F1F6CF1CA514C9C67,
			);
			buildRules = ( );
			dependencies = (
				C2C48BB71A4196F5CAA817EC,
			);
			name = "Synth - Standalone Plugin";
			productName = Synth;
			productReference = 93C710FA38177D55FBB100FB;
			productType = "com.apple.product-type.application";
		};
		FD79C6236ECB20C2626958C5 = {
			isa = XCConfigurationList;
			buildConfigurations = (
				917DC99D3B0456D6CC1F4DB6,
				DEF0E3755F8AF7FFBFDFDDA7,
			);
			defaultConfigurationIsVisible = 0;
			defaultConfigurationName = Debug;
		};
		E2152ADA94AB973BF36DD91F = {
			isa = PBXSourcesBuildPhase;
			buildActionMask = 2147483647;
			files = (
				2A6B27AD2352BAC9E2D97C3C,
				4A10149070AAE2B633104698,
				D4B731E27C6217B59997D74D,
				3E672FE8A7D2CA6F8E2E8877,
				62CA06D2584F5F7BAF761908,
				6043EFAF0B6CD982695ECEE9,
				138D0EE2BEE20E2FC5CECA1E,
				8239A68415539749FCE57E3C,
				27D3D34E5A903281726F0A6E,
				63AB50EFEAD9F043180D2AAE,
				0E9E1F826B4D853F7C702C30,
				EDE8D2C9A576453056E45F6A,
				4A44546CE5246C0D21030984,
				3B675BC7E3F7FE582FAD9E34,
				2FE5F1C2A2F9C1FA8B9D1277,
				B6062565D4AEB8E634752EDB,
			);
			runOnlyForDeploymentPostprocessing = 0;
		};
		BB9E815192289BC1E8B3BF0D = {
			isa = PBXNativeTarget;
			buildConfigurationList = FD79C6236ECB20C2626958C5;
			buildPhases = (
				E2152ADA94AB973BF36DD91F,
			);
			buildRules = ( );
			dependencies = ( );
			name = "Synth - Shared Code";
			productName = Synth;
			productReference = 421A249EC0482B59E697121A;
			productType = "com.apple.product-type.library.static";
		};
		CEF513430AE114C9BDE36FF5 = {
			isa = PBXProject;
			buildConfigurationList = 36D39DF07FCD2BD0C1EDC087;
			attributes = { LastUpgradeCheck = 1100; ORGANIZATIONNAME = ""; TargetAttributes = { 6DC38B1E34FAF15E775B9E81 = { SystemCapabilities = {com.apple.ApplicationGroups.iOS = { enabled = 0; }; com.apple.InAppPurchase = { enabled = 0; }; com.apple.InterAppAudio = { enabled = 0; }; com.apple.Push = { enabled = 0; }; com.apple.Sandbox = { enabled = 0; }; com.apple.HardenedRuntime = { enabled = 0; }; }; };BB6347880C85C80593D5BED9 = { SystemCapabilities = {com.apple.ApplicationGroups.iOS = { enabled = 0; }; com.apple.InAppPurchase = { enabled = 0; }; com.apple.InterAppAudio = { enabled = 0; }; com.apple.Push = { enabled = 0; }; com.apple.Sandbox = { enabled = 0; }; com.apple.HardenedRuntime = { enabled = 0; }; }; };A4694FC8125AD8B41D930ADB = { SystemCapabilities = {com.apple.ApplicationGroups.iOS = { enabled = 0; }; com.apple.InAppPurchase = { enabled = 0; }; com.apple.InterAppAudio = { enabled = 0; }; com.apple.Push = { enabled = 0; }; com.apple.Sandbox = { enabled = 0; }; com.apple.HardenedRuntime = { enabled = 0; }; }; };C7A9FF67716C9750D6611948 = { SystemCapabilities = {com.apple.ApplicationGroups.iOS = { enabled = 0; }; com.apple.InAppPurchase = { enabled = 0; }; com.apple.InterAppAudio = { enabled = 0; }; com.apple.Push = { enabled = 0; }; com.apple.Sandbox = { enabled = 0; }; com.apple.HardenedRuntime = { enabled = 0; }; }; };BB9E815192289BC1E8B3BF0D = { SystemCapabilities = {com.apple.ApplicationGroups.iOS = { enabled = 0; }; com.apple.InAppPurchase = { enabled = 0; }; com.apple.InterAppAudio = { enabled = 0; }; com.apple.Push = { enabled = 0; }; com.apple.Sandbox = { enabled = 0; }; com.apple.HardenedRuntime = { enabled = 0; }; }; }; }; };
			compatibilityVersion = "Xcode 3.2";
			hasScannedForEncodings = 0;
			mainGroup = 81549EA3E58709CAFAF9282F;
			projectDirPath = "";
			projectRoot = "";
			targets = (6DC38B1E34FAF15E775B9E81, BB6347880C85C80593D5BED9, A4694FC8125AD8B41D930ADB, C7A9FF67716C9750D6611948, BB9E815192289BC1E8B3BF0D);
			knownRegions = (en, Base);
		};
	};
	rootObject = CEF513430AE114C9BDE36FF5;
}
